// !$*UTF8*$!
{
	archiveVersion = 1;
	classes = {
	};
	objectVersion = 60;
	objects = {

/* Begin PBXBuildFile section */
		47FCA5D382862E1453313DBE /* BurreteApp.swift in Sources */ = {isa = PBXBuildFile; fileRef = A22A79402DCF99A8F73E63C9 /* BurreteApp.swift */; };
		1B0A192E03A98BBEF19FE524 /* ContentView.swift in Sources */ = {isa = PBXBuildFile; fileRef = E19FAD5D706EFF2DCADAC02E /* ContentView.swift */; };
		E8B6F5D5A1C74396A1D13711 /* BurreteUpdater.swift in Sources */ = {isa = PBXBuildFile; fileRef = E8B6F5D4A1C74396A1D13711 /* BurreteUpdater.swift */; };
		B88A1B0D9C2F4E7A8D3C6B11 /* MoleculeViewerWindowController.swift in Sources */ = {isa = PBXBuildFile; fileRef = B88A1B0C9C2F4E7A8D3C6B11 /* MoleculeViewerWindowController.swift */; };
		2A6C3FDEB8E145A2A9364F01 /* Assets.xcassets in Resources */ = {isa = PBXBuildFile; fileRef = 8B707533C58E4E3C9B6E6E15 /* Assets.xcassets */; };
		B88A1B0E9C2F4E7A8D3C6B11 /* Web in Resources */ = {isa = PBXBuildFile; fileRef = 4ADF66CA120EDD24C9E3F203 /* Web */; };
		3C65656FB6FE8E52854AC3F4 /* PreviewViewController.swift in Sources */ = {isa = PBXBuildFile; fileRef = AA02CDF88EC813372195D216 /* PreviewViewController.swift */; };
		E31816093C5AEC762F9638CB /* Web in Resources */ = {isa = PBXBuildFile; fileRef = 4ADF66CA120EDD24C9E3F203 /* Web */; };
		A0E5E86E854F89E5A48C3DB0 /* BurretePreview.appex in Embed App Extensions */ = {isa = PBXBuildFile; fileRef = 664D234BD361BA8FA6C574ED /* BurretePreview.appex */; settings = {ATTRIBUTES = (RemoveHeadersOnCopy, ); }; };
/* End PBXBuildFile section */

/* Begin PBXContainerItemProxy section */
		CA36266CEBABA92D8B1FE194 /* PBXContainerItemProxy */ = {
			isa = PBXContainerItemProxy;
			containerPortal = 16EEAF57BAFC2A41CAB7C99A /* Project object */;
			proxyType = 1;
			remoteGlobalIDString = 61BF5421FB639DEF491CFBE0;
			remoteInfo = BurretePreview;
		};
/* End PBXContainerItemProxy section */

/* Begin PBXCopyFilesBuildPhase section */
		B4D0989F6873491838BA234A /* Embed App Extensions */ = {
			isa = PBXCopyFilesBuildPhase;
			buildActionMask = 2147483647;
			dstPath = "";
			dstSubfolderSpec = 13;
			files = (
				A0E5E86E854F89E5A48C3DB0 /* BurretePreview.appex in Embed App Extensions */,
			);
			name = "Embed App Extensions";
			runOnlyForDeploymentPostprocessing = 0;
		};
/* End PBXCopyFilesBuildPhase section */

/* Begin PBXFileReference section */
		D9730C12B890D116AC692E1F /* Burrete.app */ = {isa = PBXFileReference; explicitFileType = wrapper.application; includeInIndex = 0; path = Burrete.app; sourceTree = BUILT_PRODUCTS_DIR; };
		664D234BD361BA8FA6C574ED /* BurretePreview.appex */ = {isa = PBXFileReference; explicitFileType = "wrapper.app-extension"; includeInIndex = 0; path = BurretePreview.appex; sourceTree = BUILT_PRODUCTS_DIR; };
		A22A79402DCF99A8F73E63C9 /* BurreteApp.swift */ = {isa = PBXFileReference; lastKnownFileType = sourcecode.swift; path = BurreteApp.swift; sourceTree = "<group>"; };
		E19FAD5D706EFF2DCADAC02E /* ContentView.swift */ = {isa = PBXFileReference; lastKnownFileType = sourcecode.swift; path = ContentView.swift; sourceTree = "<group>"; };
		E8B6F5D4A1C74396A1D13711 /* BurreteUpdater.swift */ = {isa = PBXFileReference; lastKnownFileType = sourcecode.swift; path = BurreteUpdater.swift; sourceTree = "<group>"; };
		B88A1B0C9C2F4E7A8D3C6B11 /* MoleculeViewerWindowController.swift */ = {isa = PBXFileReference; lastKnownFileType = sourcecode.swift; path = MoleculeViewerWindowController.swift; sourceTree = "<group>"; };
		8B707533C58E4E3C9B6E6E15 /* Assets.xcassets */ = {isa = PBXFileReference; lastKnownFileType = folder.assetcatalog; path = Assets.xcassets; sourceTree = "<group>"; };
		6E373F91487569133D571598 /* Info.plist */ = {isa = PBXFileReference; lastKnownFileType = text.plist.xml; path = Info.plist; sourceTree = "<group>"; };
		8AD874A7BD1213FF583AB869 /* Burrete.entitlements */ = {isa = PBXFileReference; lastKnownFileType = text.plist.entitlements; path = Burrete.entitlements; sourceTree = "<group>"; };
		AA02CDF88EC813372195D216 /* PreviewViewController.swift */ = {isa = PBXFileReference; lastKnownFileType = sourcecode.swift; path = PreviewViewController.swift; sourceTree = "<group>"; };
		D112F5444BEBEFD99D68B6DD /* Info.plist */ = {isa = PBXFileReference; lastKnownFileType = text.plist.xml; path = Info.plist; sourceTree = "<group>"; };
		F27769504D80BCF7B53A232F /* BurretePreview.entitlements */ = {isa = PBXFileReference; lastKnownFileType = text.plist.entitlements; path = BurretePreview.entitlements; sourceTree = "<group>"; };
		4ADF66CA120EDD24C9E3F203 /* Web */ = {isa = PBXFileReference; lastKnownFileType = folder; path = Web; sourceTree = "<group>"; };
		B262D4721622654301018823 /* package.json */ = {isa = PBXFileReference; lastKnownFileType = text.json; path = package.json; sourceTree = "<group>"; };
		7179C178DEEA22EE9D4E2FA3 /* README.md */ = {isa = PBXFileReference; lastKnownFileType = net.daringfireball.markdown; path = README.md; sourceTree = "<group>"; };
		0398CCD0F49298B10A3D76A4 /* LICENSE */ = {isa = PBXFileReference; lastKnownFileType = text; path = LICENSE; sourceTree = "<group>"; };
		987CA4D153C61C7200C17C7D /* vendor-molstar.mjs */ = {isa = PBXFileReference; lastKnownFileType = sourcecode.javascript; path = "vendor-molstar.mjs"; sourceTree = "<group>"; };
		1F66322AC219B6CE98CF53D7 /* build.sh */ = {isa = PBXFileReference; lastKnownFileType = text.script.sh; path = build.sh; sourceTree = "<group>"; };
		25280D04DF91DEC334356526 /* test-web-preview.sh */ = {isa = PBXFileReference; lastKnownFileType = text.script.sh; path = "test-web-preview.sh"; sourceTree = "<group>"; };
		4A566BCA24ADD5993DACE9DD /* mini.pdb */ = {isa = PBXFileReference; lastKnownFileType = text; path = mini.pdb; sourceTree = "<group>"; };
/* End PBXFileReference section */

/* Begin PBXFrameworksBuildPhase section */
		61D85E48ABD4C58BF0072A49 /* Frameworks */ = {isa = PBXFrameworksBuildPhase; buildActionMask = 2147483647; files = (); runOnlyForDeploymentPostprocessing = 0; };
		EDE31F8E8E26065E582B8440 /* Frameworks */ = {isa = PBXFrameworksBuildPhase; buildActionMask = 2147483647; files = (); runOnlyForDeploymentPostprocessing = 0; };
/* End PBXFrameworksBuildPhase section */

/* Begin PBXGroup section */
		2E682101185D3B32FB956CAD = {
			isa = PBXGroup;
			children = (
				FDBDEEC77EA1DB023A30F615 /* App */,
				AEC1F3248E3064F59FE6E9BC /* PreviewExtension */,
				97E8C637FB2B333FCF3DA441 /* scripts */,
				C2959D171E182DEA26D7FE92 /* samples */,
				B262D4721622654301018823 /* package.json */,
				7179C178DEEA22EE9D4E2FA3 /* README.md */,
				0398CCD0F49298B10A3D76A4 /* LICENSE */,
				5ADE8A4128725EB9150C196B /* Products */,
			);
			sourceTree = "<group>";
		};
		FDBDEEC77EA1DB023A30F615 /* App */ = {
			isa = PBXGroup;
			children = (
				A22A79402DCF99A8F73E63C9 /* BurreteApp.swift */,
				E19FAD5D706EFF2DCADAC02E /* ContentView.swift */,
				E8B6F5D4A1C74396A1D13711 /* BurreteUpdater.swift */,
				B88A1B0C9C2F4E7A8D3C6B11 /* MoleculeViewerWindowController.swift */,
				8B707533C58E4E3C9B6E6E15 /* Assets.xcassets */,
				6E373F91487569133D571598 /* Info.plist */,
				8AD874A7BD1213FF583AB869 /* Burrete.entitlements */,
			);
			path = App;
			sourceTree = "<group>";
		};
		AEC1F3248E3064F59FE6E9BC /* PreviewExtension */ = {
			isa = PBXGroup;
			children = (
				AA02CDF88EC813372195D216 /* PreviewViewController.swift */,
				D112F5444BEBEFD99D68B6DD /* Info.plist */,
				F27769504D80BCF7B53A232F /* BurretePreview.entitlements */,
				4ADF66CA120EDD24C9E3F203 /* Web */,
			);
			path = PreviewExtension;
			sourceTree = "<group>";
		};
		97E8C637FB2B333FCF3DA441 /* scripts */ = {
			isa = PBXGroup;
			children = (
				987CA4D153C61C7200C17C7D /* vendor-molstar.mjs */,
				1F66322AC219B6CE98CF53D7 /* build.sh */,
				25280D04DF91DEC334356526 /* test-web-preview.sh */,
			);
			path = scripts;
			sourceTree = "<group>";
		};
		C2959D171E182DEA26D7FE92 /* samples */ = {
			isa = PBXGroup;
			children = (
				4A566BCA24ADD5993DACE9DD /* mini.pdb */,
			);
			path = samples;
			sourceTree = "<group>";
		};
		5ADE8A4128725EB9150C196B /* Products */ = {
			isa = PBXGroup;
			children = (
				D9730C12B890D116AC692E1F /* Burrete.app */,
				664D234BD361BA8FA6C574ED /* BurretePreview.appex */,
			);
			name = Products;
			sourceTree = "<group>";
		};
/* End PBXGroup section */

/* Begin PBXNativeTarget section */
		C9F45524962D088FBA96DA08 /* Burrete */ = {
			isa = PBXNativeTarget;
			buildConfigurationList = B5CB73E473562139D609B498 /* Build configuration list for PBXNativeTarget "Burrete" */;
			buildPhases = (
				AD7F4DA0D2B5600DAD6CC1D4 /* Sources */,
				61D85E48ABD4C58BF0072A49 /* Frameworks */,
				1D1DCE0D308435F6082AAF5E /* Resources */,
				B4D0989F6873491838BA234A /* Embed App Extensions */,
				7E7F01C829F8540000010002 /* Clean app detritus before codesign */,
			);
			buildRules = ();
			dependencies = (
				3FC4DC70C3FB30E4043CD305 /* PBXTargetDependency */,
			);
			name = Burrete;
			productName = Burrete;
			productReference = D9730C12B890D116AC692E1F /* Burrete.app */;
			productType = "com.apple.product-type.application";
		};
		61BF5421FB639DEF491CFBE0 /* BurretePreview */ = {
			isa = PBXNativeTarget;
			buildConfigurationList = B1961E2A76BF7D259B33E151 /* Build configuration list for PBXNativeTarget "BurretePreview" */;
			buildPhases = (
				33A90F7211FDC5E570EC5350 /* Vendor Mol* assets */,
				163085407F6A19FD620C881A /* Sources */,
				EDE31F8E8E26065E582B8440 /* Frameworks */,
				789E2D0E9032EB7EA72BA43E /* Resources */,
				7E7F01C829F8540000010001 /* Clean bundle detritus before codesign */,
			);
			buildRules = ();
			dependencies = ();
			name = BurretePreview;
			productName = BurretePreview;
			productReference = 664D234BD361BA8FA6C574ED /* BurretePreview.appex */;
			productType = "com.apple.product-type.app-extension";
		};
/* End PBXNativeTarget section */

/* Begin PBXProject section */
		16EEAF57BAFC2A41CAB7C99A /* Project object */ = {
			isa = PBXProject;
			attributes = {
				BuildIndependentTargetsInParallel = 1;
				LastSwiftUpdateCheck = 1610;
				LastUpgradeCheck = 1610;
				TargetAttributes = {
					C9F45524962D088FBA96DA08 = {
						CreatedOnToolsVersion = 16.1;
					};
					61BF5421FB639DEF491CFBE0 = {
						CreatedOnToolsVersion = 16.1;
					};
				};
			};
			buildConfigurationList = 4B2380CA9135CE36448D46F6 /* Build configuration list for PBXProject "Burrete" */;
			compatibilityVersion = "Xcode 14.0";
			developmentRegion = en;
			hasScannedForEncodings = 0;
			knownRegions = (en, Base, );
			mainGroup = 2E682101185D3B32FB956CAD;
			productRefGroup = 5ADE8A4128725EB9150C196B /* Products */;
			projectDirPath = "";
			projectRoot = "";
			targets = (
				C9F45524962D088FBA96DA08 /* Burrete */,
				61BF5421FB639DEF491CFBE0 /* BurretePreview */,
			);
		};
/* End PBXProject section */

/* Begin PBXResourcesBuildPhase section */
		1D1DCE0D308435F6082AAF5E /* Resources */ = {
			isa = PBXResourcesBuildPhase;
			buildActionMask = 2147483647;
			files = (
				2A6C3FDEB8E145A2A9364F01 /* Assets.xcassets in Resources */,
				B88A1B0E9C2F4E7A8D3C6B11 /* Web in Resources */,
			);
			runOnlyForDeploymentPostprocessing = 0;
		};
		789E2D0E9032EB7EA72BA43E /* Resources */ = {
			isa = PBXResourcesBuildPhase;
			buildActionMask = 2147483647;
			files = (
				E31816093C5AEC762F9638CB /* Web in Resources */,
			);
			runOnlyForDeploymentPostprocessing = 0;
		};
/* End PBXResourcesBuildPhase section */

/* Begin PBXShellScriptBuildPhase section */
		33A90F7211FDC5E570EC5350 /* Vendor Mol* assets */ = {
				isa = PBXShellScriptBuildPhase;
				buildActionMask = 2147483647;
				files = ();
				inputFileListPaths = ();
				inputPaths = (
					"$(SRCROOT)/PreviewExtension/Web/molstar.js",
					"$(SRCROOT)/PreviewExtension/Web/molstar.css",
					"$(SRCROOT)/PreviewExtension/Web/viewer.js",
				);
				name = "Validate Mol* assets";
				outputFileListPaths = ();
				outputPaths = (
					"$(DERIVED_FILE_DIR)/BurreteWebAssetsValidated.stamp",
				);
				runOnlyForDeploymentPostprocessing = 0;
				shellPath = /bin/sh;
				shellScript = "set -euo pipefail\nexport PATH=\"/opt/homebrew/bin:/usr/local/bin:$PATH\"\ncd \"${SRCROOT}\"\n\nif ! command -v node >/dev/null 2>&1; then\n  echo \"error: Node.js is required to validate Burrete web assets. Install it with: brew install node\"\n  exit 1\nfi\nfor asset in PreviewExtension/Web/molstar.js PreviewExtension/Web/molstar.css PreviewExtension/Web/viewer.js; do\n  if [ ! -s \"$asset\" ]; then\n    echo \"error: missing vendored web asset: $asset\"\n    echo \"Run: npm ci --ignore-scripts && npm run vendor:molstar\"\n    exit 1\n  fi\ndone\nnode --check PreviewExtension/Web/viewer.js\n\n# Downloaded archives and unzipped bundles can carry com.apple.quarantine, FinderInfo,\n# or AppleDouble files. If Xcode copies those into the .appex, codesign fails with:\n# \"resource fork, Finder information, or similar detritus not allowed\".\nif command -v xattr >/dev/null 2>&1; then\n  xattr -cr \"${SRCROOT}/PreviewExtension/Web\" || true\nfi\nif command -v dot_clean >/dev/null 2>&1; then\n  dot_clean -m \"${SRCROOT}/PreviewExtension/Web\" || true\nfi\nfind \"${SRCROOT}/PreviewExtension/Web\" \\( -name \"._*\" -o -name \".DS_Store\" \\) -delete || true\nmkdir -p \"${DERIVED_FILE_DIR}\"\ntouch \"${DERIVED_FILE_DIR}/BurreteWebAssetsValidated.stamp\"\n";
			};

		7E7F01C829F8540000010001 /* Clean bundle detritus before codesign */ = {
			isa = PBXShellScriptBuildPhase;
			alwaysOutOfDate = 1;
			buildActionMask = 2147483647;
			files = ();
			inputFileListPaths = ();
			inputPaths = ();
			name = "Clean bundle detritus before codesign";
			outputFileListPaths = ();
			outputPaths = ();
			runOnlyForDeploymentPostprocessing = 0;
			shellPath = /bin/sh;
			shellScript = "set -euo pipefail\n\necho \"Cleaning extended attributes and AppleDouble files before codesign...\"\n\nclean_path() {\n  local path=\"$1\"\n  [ -e \"$path\" ] || return 0\n  if command -v xattr >/dev/null 2>&1; then\n    xattr -cr \"$path\" || true\n  fi\n  if command -v dot_clean >/dev/null 2>&1; then\n    dot_clean -m \"$path\" || true\n  fi\n  find \"$path\" \\( -name \"._*\" -o -name \".DS_Store\" \\) -delete || true\n}\n\nclean_path \"${SRCROOT}/PreviewExtension/Web\"\nclean_path \"${CODESIGNING_FOLDER_PATH}\"\n";
		};

		7E7F01C829F8540000010002 /* Clean app detritus before codesign */ = {
			isa = PBXShellScriptBuildPhase;
			alwaysOutOfDate = 1;
			buildActionMask = 2147483647;
			files = ();
			inputFileListPaths = ();
			inputPaths = ();
			name = "Clean app detritus before codesign";
			outputFileListPaths = ();
			outputPaths = ();
			runOnlyForDeploymentPostprocessing = 0;
			shellPath = /bin/sh;
			shellScript = "set -euo pipefail\n\necho \"Cleaning app bundle extended attributes before codesign...\"\n\npath=\"${CODESIGNING_FOLDER_PATH}\"\n[ -e \"$path\" ] || exit 0\nif command -v xattr >/dev/null 2>&1; then\n  xattr -cr \"$path\" || true\nfi\nif command -v dot_clean >/dev/null 2>&1; then\n  dot_clean -m \"$path\" || true\nfi\nfind \"$path\" \\( -name \"._*\" -o -name \".DS_Store\" \\) -delete || true\n";
		};
/* End PBXShellScriptBuildPhase section */

/* Begin PBXSourcesBuildPhase section */
		AD7F4DA0D2B5600DAD6CC1D4 /* Sources */ = {
			isa = PBXSourcesBuildPhase;
			buildActionMask = 2147483647;
			files = (
				47FCA5D382862E1453313DBE /* BurreteApp.swift in Sources */,
				1B0A192E03A98BBEF19FE524 /* ContentView.swift in Sources */,
				E8B6F5D5A1C74396A1D13711 /* BurreteUpdater.swift in Sources */,
				B88A1B0D9C2F4E7A8D3C6B11 /* MoleculeViewerWindowController.swift in Sources */,
			);
			runOnlyForDeploymentPostprocessing = 0;
		};
		163085407F6A19FD620C881A /* Sources */ = {
			isa = PBXSourcesBuildPhase;
			buildActionMask = 2147483647;
			files = (
				3C65656FB6FE8E52854AC3F4 /* PreviewViewController.swift in Sources */,
			);
			runOnlyForDeploymentPostprocessing = 0;
		};
/* End PBXSourcesBuildPhase section */

/* Begin PBXTargetDependency section */
		3FC4DC70C3FB30E4043CD305 /* PBXTargetDependency */ = {isa = PBXTargetDependency; target = 61BF5421FB639DEF491CFBE0 /* BurretePreview */; targetProxy = CA36266CEBABA92D8B1FE194 /* PBXContainerItemProxy */; };
/* End PBXTargetDependency section */

/* Begin XCBuildConfiguration section */
		DA925284BA893A0B7CD58824 /* Debug */ = {
			isa = XCBuildConfiguration;
			buildSettings = {
				ALWAYS_SEARCH_USER_PATHS = NO;
				CLANG_ENABLE_MODULES = YES;
				CLANG_ENABLE_OBJC_ARC = YES;
				CLANG_WARN_BLOCK_CAPTURE_AUTORELEASING = YES;
				CLANG_WARN_BOOL_CONVERSION = YES;
				CLANG_WARN_COMMA = YES;
				CLANG_WARN_CONSTANT_CONVERSION = YES;
				CLANG_WARN_DEPRECATED_OBJC_IMPLEMENTATIONS = YES;
				CLANG_WARN_DIRECT_OBJC_ISA_USAGE = YES_ERROR;
				CLANG_WARN_DOCUMENTATION_COMMENTS = YES;
				CLANG_WARN_EMPTY_BODY = YES;
				CLANG_WARN_ENUM_CONVERSION = YES;
				CLANG_WARN_INFINITE_RECURSION = YES;
				CLANG_WARN_INT_CONVERSION = YES;
				CLANG_WARN_NON_LITERAL_NULL_CONVERSION = YES;
				CLANG_WARN_OBJC_IMPLICIT_RETAIN_SELF = YES;
				CLANG_WARN_OBJC_LITERAL_CONVERSION = YES;
				CLANG_WARN_OBJC_ROOT_CLASS = YES_ERROR;
				CLANG_WARN_QUOTED_INCLUDE_IN_FRAMEWORK_HEADER = YES;
				CLANG_WARN_RANGE_LOOP_ANALYSIS = YES;
				CLANG_WARN_STRICT_PROTOTYPES = YES;
				CLANG_WARN_SUSPICIOUS_MOVE = YES;
				CLANG_WARN_UNGUARDED_AVAILABILITY = YES_AGGRESSIVE;
				CLANG_WARN_UNREACHABLE_CODE = YES;
				CLANG_WARN__DUPLICATE_METHOD_MATCH = YES;
				COPY_PHASE_STRIP = NO;
				DEBUG_INFORMATION_FORMAT = dwarf;
				ENABLE_STRICT_OBJC_MSGSEND = YES;
				ENABLE_TESTABILITY = YES;
				GCC_C_LANGUAGE_STANDARD = gnu17;
				GCC_DYNAMIC_NO_PIC = NO;
				GCC_NO_COMMON_BLOCKS = YES;
				GCC_OPTIMIZATION_LEVEL = 0;
				GCC_PREPROCESSOR_DEFINITIONS = ("DEBUG=1", "$(inherited)", );
				MACOSX_DEPLOYMENT_TARGET = 12.0;
				MTL_ENABLE_DEBUG_INFO = INCLUDE_SOURCE;
				MTL_FAST_MATH = YES;
				ONLY_ACTIVE_ARCH = YES;
				SDKROOT = macosx;
				SWIFT_ACTIVE_COMPILATION_CONDITIONS = DEBUG;
				SWIFT_OPTIMIZATION_LEVEL = "-Onone";
			};
			name = Debug;
		};
		DE0782D262A66EE774C897C3 /* Release */ = {
			isa = XCBuildConfiguration;
			buildSettings = {
				ALWAYS_SEARCH_USER_PATHS = NO;
				CLANG_ENABLE_MODULES = YES;
				CLANG_ENABLE_OBJC_ARC = YES;
				COPY_PHASE_STRIP = NO;
				DEBUG_INFORMATION_FORMAT = "dwarf-with-dsym";
				ENABLE_NS_ASSERTIONS = NO;
				ENABLE_STRICT_OBJC_MSGSEND = YES;
				GCC_C_LANGUAGE_STANDARD = gnu17;
				GCC_NO_COMMON_BLOCKS = YES;
				MACOSX_DEPLOYMENT_TARGET = 12.0;
				MTL_ENABLE_DEBUG_INFO = NO;
				MTL_FAST_MATH = YES;
				SDKROOT = macosx;
				SWIFT_COMPILATION_MODE = wholemodule;
				SWIFT_OPTIMIZATION_LEVEL = "-O";
			};
			name = Release;
		};
		7371A6B6FA3DC61535FF98BB /* Debug */ = {
			isa = XCBuildConfiguration;
			buildSettings = {
				CODE_SIGN_ENTITLEMENTS = App/Burrete.entitlements;
				CODE_SIGN_IDENTITY = "-";
				CODE_SIGN_STYLE = Manual;
				COMBINE_HIDPI_IMAGES = YES;
				ASSETCATALOG_COMPILER_APPICON_NAME = AppIcon;
				CURRENT_PROJECT_VERSION = 1;
				DEVELOPMENT_TEAM = "";
				ENABLE_HARDENED_RUNTIME = YES;
				ENABLE_USER_SCRIPT_SANDBOXING = NO;
				GENERATE_INFOPLIST_FILE = NO;
				INFOPLIST_FILE = App/Info.plist;
				LD_RUNPATH_SEARCH_PATHS = ("$(inherited)", "@executable_path/../Frameworks", );
				MARKETING_VERSION = 0.10.6;
				PRODUCT_BUNDLE_IDENTIFIER = com.local.BurreteV10;
				PRODUCT_NAME = "$(TARGET_NAME)";
				SWIFT_VERSION = 5.0;
				SUPPORTED_PLATFORMS = macosx;
				SUPPORTS_MACCATALYST = NO;
			};
			name = Debug;
		};
		5D7977E946686638EB4B0BD7 /* Release */ = {
			isa = XCBuildConfiguration;
			buildSettings = {
				CODE_SIGN_ENTITLEMENTS = App/Burrete.entitlements;
				CODE_SIGN_IDENTITY = "-";
				CODE_SIGN_STYLE = Manual;
				COMBINE_HIDPI_IMAGES = YES;
				ASSETCATALOG_COMPILER_APPICON_NAME = AppIcon;
				CURRENT_PROJECT_VERSION = 1;
				DEVELOPMENT_TEAM = "";
				ENABLE_HARDENED_RUNTIME = YES;
				ENABLE_USER_SCRIPT_SANDBOXING = NO;
				GENERATE_INFOPLIST_FILE = NO;
				INFOPLIST_FILE = App/Info.plist;
				LD_RUNPATH_SEARCH_PATHS = ("$(inherited)", "@executable_path/../Frameworks", );
				MARKETING_VERSION = 0.10.6;
				PRODUCT_BUNDLE_IDENTIFIER = com.local.BurreteV10;
				PRODUCT_NAME = "$(TARGET_NAME)";
				SWIFT_VERSION = 5.0;
				SUPPORTED_PLATFORMS = macosx;
				SUPPORTS_MACCATALYST = NO;
			};
			name = Release;
		};
		7C41880A1B0B737541AB8894 /* Debug */ = {
			isa = XCBuildConfiguration;
			buildSettings = {
				APPLICATION_EXTENSION_API_ONLY = YES;
				CODE_SIGN_ENTITLEMENTS = PreviewExtension/BurretePreview.entitlements;
				CODE_SIGN_IDENTITY = "-";
				CODE_SIGN_STYLE = Manual;
				COMBINE_HIDPI_IMAGES = YES;
				CURRENT_PROJECT_VERSION = 1;
				DEVELOPMENT_TEAM = "";
				ENABLE_HARDENED_RUNTIME = YES;
				ENABLE_USER_SCRIPT_SANDBOXING = NO;
				GENERATE_INFOPLIST_FILE = NO;
				INFOPLIST_FILE = PreviewExtension/Info.plist;
				LD_RUNPATH_SEARCH_PATHS = ("$(inherited)", "@executable_path/../Frameworks", "@executable_path/../../../../Frameworks", );
				MARKETING_VERSION = 0.10.6;
				PRODUCT_BUNDLE_IDENTIFIER = com.local.BurreteV10.Preview;
				PRODUCT_NAME = "$(TARGET_NAME)";
				SKIP_INSTALL = YES;
				SWIFT_VERSION = 5.0;
				SUPPORTED_PLATFORMS = macosx;
				SUPPORTS_MACCATALYST = NO;
			};
			name = Debug;
		};
		C18A20E5414275739C52F408 /* Release */ = {
			isa = XCBuildConfiguration;
			buildSettings = {
				APPLICATION_EXTENSION_API_ONLY = YES;
				CODE_SIGN_ENTITLEMENTS = PreviewExtension/BurretePreview.entitlements;
				CODE_SIGN_IDENTITY = "-";
				CODE_SIGN_STYLE = Manual;
				COMBINE_HIDPI_IMAGES = YES;
				CURRENT_PROJECT_VERSION = 1;
				DEVELOPMENT_TEAM = "";
				ENABLE_HARDENED_RUNTIME = YES;
				ENABLE_USER_SCRIPT_SANDBOXING = NO;
				GENERATE_INFOPLIST_FILE = NO;
				INFOPLIST_FILE = PreviewExtension/Info.plist;
				LD_RUNPATH_SEARCH_PATHS = ("$(inherited)", "@executable_path/../Frameworks", "@executable_path/../../../../Frameworks", );
				MARKETING_VERSION = 0.10.6;
				PRODUCT_BUNDLE_IDENTIFIER = com.local.BurreteV10.Preview;
				PRODUCT_NAME = "$(TARGET_NAME)";
				SKIP_INSTALL = YES;
				SWIFT_VERSION = 5.0;
				SUPPORTED_PLATFORMS = macosx;
				SUPPORTS_MACCATALYST = NO;
			};
			name = Release;
		};
/* End XCBuildConfiguration section */

/* Begin XCConfigurationList section */
		4B2380CA9135CE36448D46F6 /* Build configuration list for PBXProject "Burrete" */ = {
			isa = XCConfigurationList;
			buildConfigurations = (
				DA925284BA893A0B7CD58824 /* Debug */,
				DE0782D262A66EE774C897C3 /* Release */,
			);
			defaultConfigurationIsVisible = 0;
			defaultConfigurationName = Release;
		};
		B5CB73E473562139D609B498 /* Build configuration list for PBXNativeTarget "Burrete" */ = {
			isa = XCConfigurationList;
			buildConfigurations = (
				7371A6B6FA3DC61535FF98BB /* Debug */,
				5D7977E946686638EB4B0BD7 /* Release */,
			);
			defaultConfigurationIsVisible = 0;
			defaultConfigurationName = Release;
		};
		B1961E2A76BF7D259B33E151 /* Build configuration list for PBXNativeTarget "BurretePreview" */ = {
			isa = XCConfigurationList;
			buildConfigurations = (
				7C41880A1B0B737541AB8894 /* Debug */,
				C18A20E5414275739C52F408 /* Release */,
			);
			defaultConfigurationIsVisible = 0;
			defaultConfigurationName = Release;
		};
/* End XCConfigurationList section */
	};
	rootObject = 16EEAF57BAFC2A41CAB7C99A /* Project object */;
}
